// !$*UTF8*$!
{
	archiveVersion = 1;
	classes = {
	};
	objectVersion = 50;
	objects = {

/* Begin PBXBuildFile section */
		5418C052221CDCB2001F9491 /* Main.storyboard in Resources */ = {isa = PBXBuildFile; fileRef = 5418C050221CDCB2001F9491 /* Main.storyboard */; };
		5418C054221CDDDD001F9491 /* BullsEye.html in Resources */ = {isa = PBXBuildFile; fileRef = 5418C053221CDDDD001F9491 /* BullsEye.html */; };
		5418C057221CECB1001F9491 /* AVFoundation.framework in Frameworks */ = {isa = PBXBuildFile; fileRef = 5418C056221CECB1001F9491 /* AVFoundation.framework */; };
		5418C059221CEE0B001F9491 /* bgmusic.mp3 in Resources */ = {isa = PBXBuildFile; fileRef = 5418C058221CEE0A001F9491 /* bgmusic.mp3 */; };
		541C96B72218E5E9008C56D7 /* AppDelegate.swift in Sources */ = {isa = PBXBuildFile; fileRef = 541C96B62218E5E9008C56D7 /* AppDelegate.swift */; };
		541C96B92218E5E9008C56D7 /* ViewController.swift in Sources */ = {isa = PBXBuildFile; fileRef = 541C96B82218E5E9008C56D7 /* ViewController.swift */; };
		541C96BE2218E5EA008C56D7 /* Assets.xcassets in Resources */ = {isa = PBXBuildFile; fileRef = 541C96BD2218E5EA008C56D7 /* Assets.xcassets */; };
		541C96C12218E5EA008C56D7 /* LaunchScreen.storyboard in Resources */ = {isa = PBXBuildFile; fileRef = 541C96BF2218E5EA008C56D7 /* LaunchScreen.storyboard */; };
		54EA392D221A54240078151E /* AboutViewControlle.swift in Sources */ = {isa = PBXBuildFile; fileRef = 54EA392C221A54240078151E /* AboutViewControlle.swift */; };
/* End PBXBuildFile section */

/* Begin PBXFileReference section */
		5418C051221CDCB2001F9491 /* Base */ = {isa = PBXFileReference; lastKnownFileType = file.storyboard; name = Base; path = Base.lproj/Main.storyboard; sourceTree = "<group>"; };
		5418C053221CDDDD001F9491 /* BullsEye.html */ = {isa = PBXFileReference; fileEncoding = 4; lastKnownFileType = text.html; path = BullsEye.html; sourceTree = "<group>"; };
		5418C056221CECB1001F9491 /* AVFoundation.framework */ = {isa = PBXFileReference; lastKnownFileType = wrapper.framework; name = AVFoundation.framework; path = System/Library/Frameworks/AVFoundation.framework; sourceTree = SDKROOT; };
		5418C058221CEE0A001F9491 /* bgmusic.mp3 */ = {isa = PBXFileReference; lastKnownFileType = audio.mp3; path = bgmusic.mp3; sourceTree = "<group>"; };
		541C96B32218E5E9008C56D7 /* BullsEye.app */ = {isa = PBXFileReference; explicitFileType = wrapper.application; includeInIndex = 0; path = BullsEye.app; sourceTree = BUILT_PRODUCTS_DIR; };
		541C96B62218E5E9008C56D7 /* AppDelegate.swift */ = {isa = PBXFileReference; lastKnownFileType = sourcecode.swift; path = AppDelegate.swift; sourceTree = "<group>"; };
		541C96B82218E5E9008C56D7 /* ViewController.swift */ = {isa = PBXFileReference; lastKnownFileType = sourcecode.swift; path = ViewController.swift; sourceTree = "<group>"; };
		541C96BD2218E5EA008C56D7 /* Assets.xcassets */ = {isa = PBXFileReference; lastKnownFileType = folder.assetcatalog; path = Assets.xcassets; sourceTree = "<group>"; };
		541C96C02218E5EA008C56D7 /* Base */ = {isa = PBXFileReference; lastKnownFileType = file.storyboard; name = Base; path = Base.lproj/LaunchScreen.storyboard; sourceTree = "<group>"; };
		541C96C22218E5EA008C56D7 /* Info.plist */ = {isa = PBXFileReference; lastKnownFileType = text.plist.xml; path = Info.plist; sourceTree = "<group>"; };
		54EA392C221A54240078151E /* AboutViewControlle.swift */ = {isa = PBXFileReference; lastKnownFileType = sourcecode.swift; path = AboutViewControlle.swift; sourceTree = "<group>"; };
/* End PBXFileReference section */

/* Begin PBXFrameworksBuildPhase section */
		541C96B02218E5E9008C56D7 /* Frameworks */ = {
			isa = PBXFrameworksBuildPhase;
			buildActionMask = 2147483647;
			files = (
				5418C057221CECB1001F9491 /* AVFoundation.framework in Frameworks */,
			);
			runOnlyForDeploymentPostprocessing = 0;
		};
/* End PBXFrameworksBuildPhase section */

/* Begin PBXGroup section */
		5418C055221CECB1001F9491 /* Frameworks */ = {
			isa = PBXGroup;
			children = (
				5418C056221CECB1001F9491 /* AVFoundation.framework */,
			);
			name = Frameworks;
			sourceTree = "<group>";
		};
		541C96AA2218E5E9008C56D7 = {
			isa = PBXGroup;
			children = (
				541C96B52218E5E9008C56D7 /* BullsEye */,
				541C96B42218E5E9008C56D7 /* Products */,
				5418C055221CECB1001F9491 /* Frameworks */,
			);
			sourceTree = "<group>";
		};
		541C96B42218E5E9008C56D7 /* Products */ = {
			isa = PBXGroup;
			children = (
				541C96B32218E5E9008C56D7 /* BullsEye.app */,
			);
			name = Products;
			sourceTree = "<group>";
		};
		541C96B52218E5E9008C56D7 /* BullsEye */ = {
			isa = PBXGroup;
			children = (
				5418C053221CDDDD001F9491 /* BullsEye.html */,
				5418C058221CEE0A001F9491 /* bgmusic.mp3 */,
				54EA392C221A54240078151E /* AboutViewControlle.swift */,
				541C96B62218E5E9008C56D7 /* AppDelegate.swift */,
				5418C050221CDCB2001F9491 /* Main.storyboard */,
				541C96B82218E5E9008C56D7 /* ViewController.swift */,
				541C96BD2218E5EA008C56D7 /* Assets.xcassets */,
				541C96BF2218E5EA008C56D7 /* LaunchScreen.storyboard */,
				541C96C22218E5EA008C56D7 /* Info.plist */,
			);
			path = BullsEye;
			sourceTree = "<group>";
		};
/* End PBXGroup section */

/* Begin PBXNativeTarget section */
		541C96B22218E5E9008C56D7 /* BullsEye */ = {
			isa = PBXNativeTarget;
			buildConfigurationList = 541C96C52218E5EA008C56D7 /* Build configuration list for PBXNativeTarget "BullsEye" */;
			buildPhases = (
				541C96AF2218E5E9008C56D7 /* Sources */,
				541C96B02218E5E9008C56D7 /* Frameworks */,
				541C96B12218E5E9008C56D7 /* Resources */,
			);
			buildRules = (
			);
			dependencies = (
			);
			name = BullsEye;
			productName = BullsEye;
			productReference = 541C96B32218E5E9008C56D7 /* BullsEye.app */;
			productType = "com.apple.product-type.application";
		};
/* End PBXNativeTarget section */

/* Begin PBXProject section */
		541C96AB2218E5E9008C56D7 /* Project object */ = {
			isa = PBXProject;
			attributes = {
				LastSwiftUpdateCheck = 1010;
				LastUpgradeCheck = 1010;
				ORGANIZATIONNAME = "Zheng Wan Zhang";
				TargetAttributes = {
					541C96B22218E5E9008C56D7 = {
						CreatedOnToolsVersion = 10.1;
					};
				};
			};
			buildConfigurationList = 541C96AE2218E5E9008C56D7 /* Build configuration list for PBXProject "BullsEye" */;
			compatibilityVersion = "Xcode 9.3";
			developmentRegion = en;
			hasScannedForEncodings = 0;
			knownRegions = (
				en,
				Base,
			);
			mainGroup = 541C96AA2218E5E9008C56D7;
			productRefGroup = 541C96B42218E5E9008C56D7 /* Products */;
			projectDirPath = "";
			projectRoot = "";
			targets = (
				541C96B22218E5E9008C56D7 /* BullsEye */,
			);
		};
/* End PBXProject section */

/* Begin PBXResourcesBuildPhase section */
		541C96B12218E5E9008C56D7 /* Resources */ = {
			isa = PBXResourcesBuildPhase;
			buildActionMask = 2147483647;
			files = (
				5418C059221CEE0B001F9491 /* bgmusic.mp3 in Resources */,
				5418C052221CDCB2001F9491 /* Main.storyboard in Resources */,
				5418C054221CDDDD001F9491 /* BullsEye.html in Resources */,
				541C96C12218E5EA008C56D7 /* LaunchScreen.storyboard in Resources */,
				541C96BE2218E5EA008C56D7 /* Assets.xcassets in Resources */,
			);
			runOnlyForDeploymentPostprocessing = 0;
		};
/* End PBXResourcesBuildPhase section */

/* Begin PBXSourcesBuildPhase section */
		541C96AF2218E5E9008C56D7 /* Sources */ = {
			isa = PBXSourcesBuildPhase;
			buildActionMask = 2147483647;
			files = (
				54EA392D221A54240078151E /* AboutViewControlle.swift in Sources */,
				541C96B92218E5E9008C56D7 /* ViewController.swift in Sources */,
				541C96B72218E5E9008C56D7 /* AppDelegate.swift in Sources */,
			);
			runOnlyForDeploymentPostprocessing = 0;
		};
/* End PBXSourcesBuildPhase section */

/* Begin PBXVariantGroup section */
		5418C050221CDCB2001F9491 /* Main.storyboard */ = {
			isa = PBXVariantGroup;
			children = (
				5418C051221CDCB2001F9491 /* Base */,
			);
			name = Main.storyboard;
			sourceTree = "<group>";
		};
		541C96BF2218E5EA008C56D7 /* LaunchScreen.storyboard */ = {
			isa = PBXVariantGroup;
			children = (
				541C96C02218E5EA008C56D7 /* Base */,
			);
			name = LaunchScreen.storyboard;
			sourceTree = "<group>";
		};
/* End PBXVariantGroup section */

/* Begin XCBuildConfiguration section */
		541C96C32218E5EA008C56D7 /* Debug */ = {
			isa = XCBuildConfiguration;
			buildSettings = {
				ALWAYS_SEARCH_USER_PATHS = NO;
				CLANG_ANALYZER_NONNULL = YES;
				CLANG_ANALYZER_NUMBER_OBJECT_CONVERSION = YES_AGGRESSIVE;
				CLANG_CXX_LANGUAGE_STANDARD = "gnu++14";
				CLANG_CXX_LIBRARY = "libc++";
				CLANG_ENABLE_MODULES = YES;
				CLANG_ENABLE_OBJC_ARC = YES;
				CLANG_ENABLE_OBJC_WEAK = YES;
				CLANG_WARN_BLOCK_CAPTURE_AUTORELEASING = YES;
				CLANG_WARN_BOOL_CONVERSION = YES;
				CLANG_WARN_COMMA = YES;
				CLANG_WARN_CONSTANT_CONVERSION = YES;
				CLANG_WARN_DEPRECATED_OBJC_IMPLEMENTATIONS = YES;
				CLANG_WARN_DIRECT_OBJC_ISA_USAGE = YES_ERROR;
				CLANG_WARN_DOCUMENTATION_COMMENTS = YES;
				CLANG_WARN_EMPTY_BODY = YES;
				CLANG_WARN_ENUM_CONVERSION = YES;
				CLANG_WARN_INFINITE_RECURSION = YES;
				CLANG_WARN_INT_CONVERSION = YES;
				CLANG_WARN_NON_LITERAL_NULL_CONVERSION = YES;
				CLANG_WARN_OBJC_IMPLICIT_RETAIN_SELF = YES;
				CLANG_WARN_OBJC_LITERAL_CONVERSION = YES;
				CLANG_WARN_OBJC_ROOT_CLASS = YES_ERROR;
				CLANG_WARN_RANGE_LOOP_ANALYSIS = YES;
				CLANG_WARN_STRICT_PROTOTYPES = YES;
				CLANG_WARN_SUSPICIOUS_MOVE = YES;
				CLANG_WARN_UNGUARDED_AVAILABILITY = YES_AGGRESSIVE;
				CLANG_WARN_UNREACHABLE_CODE = YES;
				CLANG_WARN__DUPLICATE_METHOD_MATCH = YES;
				CODE_SIGN_IDENTITY = "iPhone Developer";
				COPY_PHASE_STRIP = NO;
				DEBUG_INFORMATION_FORMAT = dwarf;
				ENABLE_STRICT_OBJC_MSGSEND = YES;
				ENABLE_TESTABILITY = YES;
				GCC_C_LANGUAGE_STANDARD = gnu11;
				GCC_DYNAMIC_NO_PIC = NO;
				GCC_NO_COMMON_BLOCKS = YES;
				GCC_OPTIMIZATION_LEVEL = 0;
				GCC_PREPROCESSOR_DEFINITIONS = (
					"DEBUG=1",
					"$(inherited)",
				);
				GCC_WARN_64_TO_32_BIT_CONVERSION = YES;
				GCC_WARN_ABOUT_RETURN_TYPE = YES_ERROR;
				GCC_WARN_UNDECLARED_SELECTOR = YES;
				GCC_WARN_UNINITIALIZED_AUTOS = YES_AGGRESSIVE;
				GCC_WARN_UNUSED_FUNCTION = YES;
				GCC_WARN_UNUSED_VARIABLE = YES;
				IPHONEOS_DEPLOYMENT_TARGET = 12.1;
				MTL_ENABLE_DEBUG_INFO = INCLUDE_SOURCE;
				MTL_FAST_MATH = YES;
				ONLY_ACTIVE_ARCH = YES;
				SDKROOT = iphoneos;
				SWIFT_ACTIVE_COMPILATION_CONDITIONS = DEBUG;
				SWIFT_OPTIMIZATION_LEVEL = "-Onone";
			};
			name = Debug;
		};
		541C96C42218E5EA008C56D7 /* Release */ = {
			isa = XCBuildConfiguration;
			buildSettings = {
				ALWAYS_SEARCH_USER_PATHS = NO;
				CLANG_ANALYZER_NONNULL = YES;
				CLANG_ANALYZER_NUMBER_OBJECT_CONVERSION = YES_AGGRESSIVE;
				CLANG_CXX_LANGUAGE_STANDARD = "gnu++14";
				CLANG_CXX_LIBRARY = "libc++";
				CLANG_ENABLE_MODULES = YES;
				CLANG_ENABLE_OBJC_ARC = YES;
				CLANG_ENABLE_OBJC_WEAK = YES;
				CLANG_WARN_BLOCK_CAPTURE_AUTORELEASING = YES;
				CLANG_WARN_BOOL_CONVERSION = YES;
				CLANG_WARN_COMMA = YES;
				CLANG_WARN_CONSTANT_CONVERSION = YES;
				CLANG_WARN_DEPRECATED_OBJC_IMPLEMENTATIONS = YES;
				CLANG_WARN_DIRECT_OBJC_ISA_USAGE = YES_ERROR;
				CLANG_WARN_DOCUMENTATION_COMMENTS = YES;
				CLANG_WARN_EMPTY_BODY = YES;
				CLANG_WARN_ENUM_CONVERSION = YES;
				CLANG_WARN_INFINITE_RECURSION = YES;
				CLANG_WARN_INT_CONVERSION = YES;
				CLANG_WARN_NON_LITERAL_NULL_CONVERSION = YES;
				CLANG_WARN_OBJC_IMPLICIT_RETAIN_SELF = YES;
				CLANG_WARN_OBJC_LITERAL_CONVERSION = YES;
				CLANG_WARN_OBJC_ROOT_CLASS = YES_ERROR;
				CLANG_WARN_RANGE_LOOP_ANALYSIS = YES;
				CLANG_WARN_STRICT_PROTOTYPES = YES;
				CLANG_WARN_SUSPICIOUS_MOVE = YES;
				CLANG_WARN_UNGUARDED_AVAILABILITY = YES_AGGRESSIVE;
				CLANG_WARN_UNREACHABLE_CODE = YES;
				CLANG_WARN__DUPLICATE_METHOD_MATCH = YES;
				CODE_SIGN_IDENTITY = "iPhone Developer";
				COPY_PHASE_STRIP = NO;
				DEBUG_INFORMATION_FORMAT = "dwarf-with-dsym";
				ENABLE_NS_ASSERTIONS = NO;
				ENABLE_STRICT_OBJC_MSGSEND = YES;
				GCC_C_LANGUAGE_STANDARD = gnu11;
				GCC_NO_COMMON_BLOCKS = YES;
				GCC_WARN_64_TO_32_BIT_CONVERSION = YES;
				GCC_WARN_ABOUT_RETURN_TYPE = YES_ERROR;
				GCC_WARN_UNDECLARED_SELECTOR = YES;
				GCC_WARN_UNINITIALIZED_AUTOS = YES_AGGRESSIVE;
				GCC_WARN_UNUSED_FUNCTION = YES;
				GCC_WARN_UNUSED_VARIABLE = YES;
				IPHONEOS_DEPLOYMENT_TARGET = 12.1;
				MTL_ENABLE_DEBUG_INFO = NO;
				MTL_FAST_MATH = YES;
				SDKROOT = iphoneos;
				SWIFT_COMPILATION_MODE = wholemodule;
				SWIFT_OPTIMIZATION_LEVEL = "-O";
				VALIDATE_PRODUCT = YES;
			};
			name = Release;
		};
		541C96C62218E5EA008C56D7 /* Debug */ = {
			isa = XCBuildConfiguration;
			buildSettings = {
				ASSETCATALOG_COMPILER_APPICON_NAME = AppIcon;
				CODE_SIGN_IDENTITY = "iPhone Developer";
				CODE_SIGN_STYLE = Automatic;
				DEVELOPMENT_TEAM = R29SV77R9G;
				INFOPLIST_FILE = BullsEye/Info.plist;
				LD_RUNPATH_SEARCH_PATHS = (
					"$(inherited)",
					"@executable_path/Frameworks",
				);
				PRODUCT_BUNDLE_IDENTIFIER = com.mytyan.BullsEye;
				PRODUCT_NAME = "$(TARGET_NAME)";
				PROVISIONING_PROFILE_SPECIFIER = "";
				SWIFT_VERSION = 4.2;
				TARGETED_DEVICE_FAMILY = "1,2";
			};
			name = Debug;
		};
		541C96C72218E5EA008C56D7 /* Release */ = {
			isa = XCBuildConfiguration;
			buildSettings = {
				ASSETCATALOG_COMPILER_APPICON_NAME = AppIcon;
				CODE_SIGN_IDENTITY = "iPhone Developer";
				CODE_SIGN_STYLE = Automatic;
				DEVELOPMENT_TEAM = R29SV77R9G;
				INFOPLIST_FILE = BullsEye/Info.plist;
				LD_RUNPATH_SEARCH_PATHS = (
					"$(inherited)",
					"@executable_path/Frameworks",
				);
				PRODUCT_BUNDLE_IDENTIFIER = com.mytyan.BullsEye;
				PRODUCT_NAME = "$(TARGET_NAME)";
				PROVISIONING_PROFILE_SPECIFIER = "";
				SWIFT_VERSION = 4.2;
				TARGETED_DEVICE_FAMILY = "1,2";
			};
			name = Release;
		};
/* End XCBuildConfiguration section */

/* Begin XCConfigurationList section */
		541C96AE2218E5E9008C56D7 /* Build configuration list for PBXProject "BullsEye" */ = {
			isa = XCConfigurationList;
			buildConfigurations = (
				541C96C32218E5EA008C56D7 /* Debug */,
				541C96C42218E5EA008C56D7 /* Release */,
			);
			defaultConfigurationIsVisible = 0;
			defaultConfigurationName = Release;
		};
		541C96C52218E5EA008C56D7 /* Build configuration list for PBXNativeTarget "BullsEye" */ = {
			isa = XCConfigurationList;
			buildConfigurations = (
				541C96C62218E5EA008C56D7 /* Debug */,
				541C96C72218E5EA008C56D7 /* Release */,
			);
			defaultConfigurationIsVisible = 0;
			defaultConfigurationName = Release;
		};
/* End XCConfigurationList section */
	};
	rootObject = 541C96AB2218E5E9008C56D7 /* Project object */;
}
